
Microsoft Visual Studio Solution File, Format Version 12.00
# Visual Studio Version 17
VisualStudioVersion = 17.6.33815.320
MinimumVisualStudioVersion = 10.0.40219.1
Project("{FAE04EC0-301F-11D3-BF4B-00C04F79EFBC}") = "7", "7\7.csproj", "{C28A90C9-41FE-44F9-9592-C9E811389E73}"
EndProject
Global
	GlobalSection(SolutionConfigurationPlatforms) = preSolution
		Debug|Any CPU = Debug|Any CPU
		Release|Any CPU = Release|Any CPU
	EndGlobalSection
	GlobalSection(ProjectConfigurationPlatforms) = postSolution
		{C28A90C9-41FE-44F9-9592-C9E811389E73}.Debug|Any CPU.ActiveCfg = Debug|Any CPU
		{C28A90C9-41FE-44F9-9592-C9E811389E73}.Debug|Any CPU.Build.0 = Debug|Any CPU
		{C28A90C9-41FE-44F9-9592-C9E811389E73}.Release|Any CPU.ActiveCfg = Release|Any CPU
		{C28A90C9-41FE-44F9-9592-C9E811389E73}.Release|Any CPU.Build.0 = Release|Any CPU
	EndGlobalSection
	GlobalSection(SolutionProperties) = preSolution
		HideSolutionNode = FALSE
	EndGlobalSection
	GlobalSection(ExtensibilityGlobals) = postSolution
		SolutionGuid = {D7123973-F0F3-4E78-B38A-C87113FEEFBB}
	EndGlobalSection
EndGlobal
