
Microsoft Visual Studio Solution File, Format Version 12.00
# Visual Studio Version 17
VisualStudioVersion = 17.6.33815.320
MinimumVisualStudioVersion = 10.0.40219.1
Project("{FAE04EC0-301F-11D3-BF4B-00C04F79EFBC}") = "first_form_app", "first_form_app\first_form_app.csproj", "{24EE9E09-2B8F-47DE-9C57-E5E847727EA4}"
EndProject
Global
	GlobalSection(SolutionConfigurationPlatforms) = preSolution
		Debug|Any CPU = Debug|Any CPU
		Release|Any CPU = Release|Any CPU
	EndGlobalSection
	GlobalSection(ProjectConfigurationPlatforms) = postSolution
		{24EE9E09-2B8F-47DE-9C57-E5E847727EA4}.Debug|Any CPU.ActiveCfg = Debug|Any CPU
		{24EE9E09-2B8F-47DE-9C57-E5E847727EA4}.Debug|Any CPU.Build.0 = Debug|Any CPU
		{24EE9E09-2B8F-47DE-9C57-E5E847727EA4}.Release|Any CPU.ActiveCfg = Release|Any CPU
		{24EE9E09-2B8F-47DE-9C57-E5E847727EA4}.Release|Any CPU.Build.0 = Release|Any CPU
	EndGlobalSection
	GlobalSection(SolutionProperties) = preSolution
		HideSolutionNode = FALSE
	EndGlobalSection
	GlobalSection(ExtensibilityGlobals) = postSolution
		SolutionGuid = {BFA25DB7-4321-4A51-9AB8-DF1C3FF37B63}
	EndGlobalSection
EndGlobal
