
Microsoft Visual Studio Solution File, Format Version 12.00
# Visual Studio Version 17
VisualStudioVersion = 17.6.33815.320
MinimumVisualStudioVersion = 10.0.40219.1
Project("{FAE04EC0-301F-11D3-BF4B-00C04F79EFBC}") = "checkbox_control", "checkbox_control\checkbox_control.csproj", "{05F27E32-0351-454E-B821-48B391A22227}"
EndProject
Global
	GlobalSection(SolutionConfigurationPlatforms) = preSolution
		Debug|Any CPU = Debug|Any CPU
		Release|Any CPU = Release|Any CPU
	EndGlobalSection
	GlobalSection(ProjectConfigurationPlatforms) = postSolution
		{05F27E32-0351-454E-B821-48B391A22227}.Debug|Any CPU.ActiveCfg = Debug|Any CPU
		{05F27E32-0351-454E-B821-48B391A22227}.Debug|Any CPU.Build.0 = Debug|Any CPU
		{05F27E32-0351-454E-B821-48B391A22227}.Release|Any CPU.ActiveCfg = Release|Any CPU
		{05F27E32-0351-454E-B821-48B391A22227}.Release|Any CPU.Build.0 = Release|Any CPU
	EndGlobalSection
	GlobalSection(SolutionProperties) = preSolution
		HideSolutionNode = FALSE
	EndGlobalSection
	GlobalSection(ExtensibilityGlobals) = postSolution
		SolutionGuid = {C7A39089-3471-48A1-B15B-641921920D09}
	EndGlobalSection
EndGlobal
