
Microsoft Visual Studio Solution File, Format Version 12.00
# Visual Studio Version 17
VisualStudioVersion = 17.6.33815.320
MinimumVisualStudioVersion = 10.0.40219.1
Project("{FAE04EC0-301F-11D3-BF4B-00C04F79EFBC}") = "4", "4\4.csproj", "{80806386-84D1-4733-9C52-CED391587E79}"
EndProject
Global
	GlobalSection(SolutionConfigurationPlatforms) = preSolution
		Debug|Any CPU = Debug|Any CPU
		Release|Any CPU = Release|Any CPU
	EndGlobalSection
	GlobalSection(ProjectConfigurationPlatforms) = postSolution
		{80806386-84D1-4733-9C52-CED391587E79}.Debug|Any CPU.ActiveCfg = Debug|Any CPU
		{80806386-84D1-4733-9C52-CED391587E79}.Debug|Any CPU.Build.0 = Debug|Any CPU
		{80806386-84D1-4733-9C52-CED391587E79}.Release|Any CPU.ActiveCfg = Release|Any CPU
		{80806386-84D1-4733-9C52-CED391587E79}.Release|Any CPU.Build.0 = Release|Any CPU
	EndGlobalSection
	GlobalSection(SolutionProperties) = preSolution
		HideSolutionNode = FALSE
	EndGlobalSection
	GlobalSection(ExtensibilityGlobals) = postSolution
		SolutionGuid = {F95E57FF-5FC5-4C74-8D48-70E792A6ECED}
	EndGlobalSection
EndGlobal
