
Microsoft Visual Studio Solution File, Format Version 12.00
# Visual Studio Version 17
VisualStudioVersion = 17.6.33815.320
MinimumVisualStudioVersion = 10.0.40219.1
Project("{FAE04EC0-301F-11D3-BF4B-00C04F79EFBC}") = "Tree_view_demo", "Tree_view_demo\Tree_view_demo.csproj", "{B190093D-E71C-4AC7-87D3-158B512BD55D}"
EndProject
Global
	GlobalSection(SolutionConfigurationPlatforms) = preSolution
		Debug|Any CPU = Debug|Any CPU
		Release|Any CPU = Release|Any CPU
	EndGlobalSection
	GlobalSection(ProjectConfigurationPlatforms) = postSolution
		{B190093D-E71C-4AC7-87D3-158B512BD55D}.Debug|Any CPU.ActiveCfg = Debug|Any CPU
		{B190093D-E71C-4AC7-87D3-158B512BD55D}.Debug|Any CPU.Build.0 = Debug|Any CPU
		{B190093D-E71C-4AC7-87D3-158B512BD55D}.Release|Any CPU.ActiveCfg = Release|Any CPU
		{B190093D-E71C-4AC7-87D3-158B512BD55D}.Release|Any CPU.Build.0 = Release|Any CPU
	EndGlobalSection
	GlobalSection(SolutionProperties) = preSolution
		HideSolutionNode = FALSE
	EndGlobalSection
	GlobalSection(ExtensibilityGlobals) = postSolution
		SolutionGuid = {1C2179DE-0266-4955-9CE3-28E9E8F55093}
	EndGlobalSection
EndGlobal
