
Microsoft Visual Studio Solution File, Format Version 12.00
# Visual Studio Version 17
VisualStudioVersion = 17.6.33815.320
MinimumVisualStudioVersion = 10.0.40219.1
Project("{FAE04EC0-301F-11D3-BF4B-00C04F79EFBC}") = "8", "8\8.csproj", "{AC2DF1DA-6485-42F7-BA73-EC17B61E67EA}"
EndProject
Global
	GlobalSection(SolutionConfigurationPlatforms) = preSolution
		Debug|Any CPU = Debug|Any CPU
		Release|Any CPU = Release|Any CPU
	EndGlobalSection
	GlobalSection(ProjectConfigurationPlatforms) = postSolution
		{AC2DF1DA-6485-42F7-BA73-EC17B61E67EA}.Debug|Any CPU.ActiveCfg = Debug|Any CPU
		{AC2DF1DA-6485-42F7-BA73-EC17B61E67EA}.Debug|Any CPU.Build.0 = Debug|Any CPU
		{AC2DF1DA-6485-42F7-BA73-EC17B61E67EA}.Release|Any CPU.ActiveCfg = Release|Any CPU
		{AC2DF1DA-6485-42F7-BA73-EC17B61E67EA}.Release|Any CPU.Build.0 = Release|Any CPU
	EndGlobalSection
	GlobalSection(SolutionProperties) = preSolution
		HideSolutionNode = FALSE
	EndGlobalSection
	GlobalSection(ExtensibilityGlobals) = postSolution
		SolutionGuid = {ACFD1A16-418F-450B-82E4-051C71A3DECA}
	EndGlobalSection
EndGlobal
