
Microsoft Visual Studio Solution File, Format Version 12.00
# Visual Studio Version 17
VisualStudioVersion = 17.6.33815.320
MinimumVisualStudioVersion = 10.0.40219.1
Project("{FAE04EC0-301F-11D3-BF4B-00C04F79EFBC}") = "combo_box_ex", "combo_box_ex\combo_box_ex.csproj", "{C65B65A1-3C1F-4451-AE5A-3426E3E3C750}"
EndProject
Global
	GlobalSection(SolutionConfigurationPlatforms) = preSolution
		Debug|Any CPU = Debug|Any CPU
		Release|Any CPU = Release|Any CPU
	EndGlobalSection
	GlobalSection(ProjectConfigurationPlatforms) = postSolution
		{C65B65A1-3C1F-4451-AE5A-3426E3E3C750}.Debug|Any CPU.ActiveCfg = Debug|Any CPU
		{C65B65A1-3C1F-4451-AE5A-3426E3E3C750}.Debug|Any CPU.Build.0 = Debug|Any CPU
		{C65B65A1-3C1F-4451-AE5A-3426E3E3C750}.Release|Any CPU.ActiveCfg = Release|Any CPU
		{C65B65A1-3C1F-4451-AE5A-3426E3E3C750}.Release|Any CPU.Build.0 = Release|Any CPU
	EndGlobalSection
	GlobalSection(SolutionProperties) = preSolution
		HideSolutionNode = FALSE
	EndGlobalSection
	GlobalSection(ExtensibilityGlobals) = postSolution
		SolutionGuid = {01E39A78-1C7B-4D51-9567-DC67F0FCEA96}
	EndGlobalSection
EndGlobal
